
Microsoft Visual Studio Solution File, Format Version 12.00
# Visual Studio Version 16
VisualStudioVersion = 16.0.29418.71
MinimumVisualStudioVersion = 10.0.40219.1
Project("{9A19103F-16F7-4668-BE54-9A1E7A4F7556}") = "RoyalLondon_RenewalLetters", "RoyalLondon_RenewalLetters\RoyalLondon_RenewalLetters.csproj", "{8C20D1B4-42B9-4E6B-866A-98D694989512}"
EndProject
Project("{FAE04EC0-301F-11D3-BF4B-00C04F79EFBC}") = "RoyalLondon_Tests", "RoyalLondon_Tests\RoyalLondon_Tests.csproj", "{028C2704-6B91-4BCB-B18F-13E3078CE0A8}"
EndProject
Global
	GlobalSection(SolutionConfigurationPlatforms) = preSolution
		Debug|Any CPU = Debug|Any CPU
		Release|Any CPU = Release|Any CPU
	EndGlobalSection
	GlobalSection(ProjectConfigurationPlatforms) = postSolution
		{8C20D1B4-42B9-4E6B-866A-98D694989512}.Debug|Any CPU.ActiveCfg = Debug|Any CPU
		{8C20D1B4-42B9-4E6B-866A-98D694989512}.Debug|Any CPU.Build.0 = Debug|Any CPU
		{8C20D1B4-42B9-4E6B-866A-98D694989512}.Release|Any CPU.ActiveCfg = Release|Any CPU
		{8C20D1B4-42B9-4E6B-866A-98D694989512}.Release|Any CPU.Build.0 = Release|Any CPU
		{028C2704-6B91-4BCB-B18F-13E3078CE0A8}.Debug|Any CPU.ActiveCfg = Debug|Any CPU
		{028C2704-6B91-4BCB-B18F-13E3078CE0A8}.Debug|Any CPU.Build.0 = Debug|Any CPU
		{028C2704-6B91-4BCB-B18F-13E3078CE0A8}.Release|Any CPU.ActiveCfg = Release|Any CPU
		{028C2704-6B91-4BCB-B18F-13E3078CE0A8}.Release|Any CPU.Build.0 = Release|Any CPU
	EndGlobalSection
	GlobalSection(SolutionProperties) = preSolution
		HideSolutionNode = FALSE
	EndGlobalSection
	GlobalSection(ExtensibilityGlobals) = postSolution
		SolutionGuid = {C5FE61F5-9BFF-431C-9832-EC37472C20F0}
	EndGlobalSection
EndGlobal
